
Microsoft Visual Studio Solution File, Format Version 12.00
# Visual Studio Version 17
VisualStudioVersion = 17.4.33110.190
MinimumVisualStudioVersion = 10.0.40219.1
Project("{9A19103F-16F7-4668-BE54-9A1E7A4F7556}") = "MyConcept.WebAPI", "MyConcept.WebAPI\MyConcept.WebAPI.csproj", "{90A52357-0CB4-4C00-94E9-A681DB05A690}"
EndProject
Project("{9A19103F-16F7-4668-BE54-9A1E7A4F7556}") = "MyConcept.Data", "MyConcept.Data\MyConcept.Data.csproj", "{6515891A-FBDE-4A60-B6DE-4CE19C379904}"
EndProject
Project("{FAE04EC0-301F-11D3-BF4B-00C04F79EFBC}") = "MyConcept.BusinessLogic", "MyConcept.BusinessLogic\MyConcept.BusinessLogic.csproj", "{86C198AE-3D57-4BAE-AED7-A67BE1F4F2E7}"
EndProject
Global
	GlobalSection(SolutionConfigurationPlatforms) = preSolution
		Debug|Any CPU = Debug|Any CPU
		Release|Any CPU = Release|Any CPU
	EndGlobalSection
	GlobalSection(ProjectConfigurationPlatforms) = postSolution
		{90A52357-0CB4-4C00-94E9-A681DB05A690}.Debug|Any CPU.ActiveCfg = Debug|Any CPU
		{90A52357-0CB4-4C00-94E9-A681DB05A690}.Debug|Any CPU.Build.0 = Debug|Any CPU
		{90A52357-0CB4-4C00-94E9-A681DB05A690}.Release|Any CPU.ActiveCfg = Release|Any CPU
		{90A52357-0CB4-4C00-94E9-A681DB05A690}.Release|Any CPU.Build.0 = Release|Any CPU
		{6515891A-FBDE-4A60-B6DE-4CE19C379904}.Debug|Any CPU.ActiveCfg = Debug|Any CPU
		{6515891A-FBDE-4A60-B6DE-4CE19C379904}.Debug|Any CPU.Build.0 = Debug|Any CPU
		{6515891A-FBDE-4A60-B6DE-4CE19C379904}.Release|Any CPU.ActiveCfg = Release|Any CPU
		{6515891A-FBDE-4A60-B6DE-4CE19C379904}.Release|Any CPU.Build.0 = Release|Any CPU
		{86C198AE-3D57-4BAE-AED7-A67BE1F4F2E7}.Debug|Any CPU.ActiveCfg = Debug|Any CPU
		{86C198AE-3D57-4BAE-AED7-A67BE1F4F2E7}.Debug|Any CPU.Build.0 = Debug|Any CPU
		{86C198AE-3D57-4BAE-AED7-A67BE1F4F2E7}.Release|Any CPU.ActiveCfg = Release|Any CPU
		{86C198AE-3D57-4BAE-AED7-A67BE1F4F2E7}.Release|Any CPU.Build.0 = Release|Any CPU
	EndGlobalSection
	GlobalSection(SolutionProperties) = preSolution
		HideSolutionNode = FALSE
	EndGlobalSection
	GlobalSection(ExtensibilityGlobals) = postSolution
		SolutionGuid = {A2EE01C1-80E4-4B3F-8853-B34FA5FA75F4}
	EndGlobalSection
EndGlobal
